// !$*UTF8*$!
{
	archiveVersion = 1;
	classes = {
	};
	objectVersion = 50;
	objects = {

/* Begin PBXBuildFile section */
		58CB8C272160AC8000344888 /* AppDelegate.swift in Sources */ = {isa = PBXBuildFile; fileRef = 58CB8C262160AC8000344888 /* AppDelegate.swift */; };
		58CB8C292160AC8000344888 /* ViewController.swift in Sources */ = {isa = PBXBuildFile; fileRef = 58CB8C282160AC8000344888 /* ViewController.swift */; };
		58CB8C2C2160AC8000344888 /* Main.storyboard in Resources */ = {isa = PBXBuildFile; fileRef = 58CB8C2A2160AC8000344888 /* Main.storyboard */; };
		58CB8C2E2160AC9100344888 /* Assets.xcassets in Resources */ = {isa = PBXBuildFile; fileRef = 58CB8C2D2160AC9100344888 /* Assets.xcassets */; };
		58CB8C312160AC9100344888 /* LaunchScreen.storyboard in Resources */ = {isa = PBXBuildFile; fileRef = 58CB8C2F2160AC9100344888 /* LaunchScreen.storyboard */; };
		58CB8C3A2160ACC800344888 /* TestView.swift in Sources */ = {isa = PBXBuildFile; fileRef = 58CB8C392160ACC800344888 /* TestView.swift */; };
		58CB8C3C2160B0FF00344888 /* TestSwiftPod.podspec in Resources */ = {isa = PBXBuildFile; fileRef = 58CB8C3B2160B0FF00344888 /* TestSwiftPod.podspec */; };
		9D0DD232614BAF32DEE711BC /* Pods_TestSwiftPod.framework in Frameworks */ = {isa = PBXBuildFile; fileRef = 8503BE39788899F0C58CB2E2 /* Pods_TestSwiftPod.framework */; };
/* End PBXBuildFile section */

/* Begin PBXFileReference section */
		0175A474E148E3DE87FF362B /* Pods-TestSwiftPod.release.xcconfig */ = {isa = PBXFileReference; includeInIndex = 1; lastKnownFileType = text.xcconfig; name = "Pods-TestSwiftPod.release.xcconfig"; path = "Pods/Target Support Files/Pods-TestSwiftPod/Pods-TestSwiftPod.release.xcconfig"; sourceTree = "<group>"; };
		58CB8C232160AC8000344888 /* TestSwiftPod.app */ = {isa = PBXFileReference; explicitFileType = wrapper.application; includeInIndex = 0; path = TestSwiftPod.app; sourceTree = BUILT_PRODUCTS_DIR; };
		58CB8C262160AC8000344888 /* AppDelegate.swift */ = {isa = PBXFileReference; lastKnownFileType = sourcecode.swift; path = AppDelegate.swift; sourceTree = "<group>"; };
		58CB8C282160AC8000344888 /* ViewController.swift */ = {isa = PBXFileReference; lastKnownFileType = sourcecode.swift; path = ViewController.swift; sourceTree = "<group>"; };
		58CB8C2B2160AC8000344888 /* Base */ = {isa = PBXFileReference; lastKnownFileType = file.storyboard; name = Base; path = Base.lproj/Main.storyboard; sourceTree = "<group>"; };
		58CB8C2D2160AC9100344888 /* Assets.xcassets */ = {isa = PBXFileReference; lastKnownFileType = folder.assetcatalog; path = Assets.xcassets; sourceTree = "<group>"; };
		58CB8C302160AC9100344888 /* Base */ = {isa = PBXFileReference; lastKnownFileType = file.storyboard; name = Base; path = Base.lproj/LaunchScreen.storyboard; sourceTree = "<group>"; };
		58CB8C322160AC9100344888 /* Info.plist */ = {isa = PBXFileReference; lastKnownFileType = text.plist.xml; path = Info.plist; sourceTree = "<group>"; };
		58CB8C392160ACC800344888 /* TestView.swift */ = {isa = PBXFileReference; lastKnownFileType = sourcecode.swift; path = TestView.swift; sourceTree = "<group>"; };
		58CB8C3B2160B0FF00344888 /* TestSwiftPod.podspec */ = {isa = PBXFileReference; fileEncoding = 4; lastKnownFileType = text; path = TestSwiftPod.podspec; sourceTree = "<group>"; };
		8503BE39788899F0C58CB2E2 /* Pods_TestSwiftPod.framework */ = {isa = PBXFileReference; explicitFileType = wrapper.framework; includeInIndex = 0; path = Pods_TestSwiftPod.framework; sourceTree = BUILT_PRODUCTS_DIR; };
		892BD68B2B758F9321F5179C /* Pods-TestSwiftPod.debug.xcconfig */ = {isa = PBXFileReference; includeInIndex = 1; lastKnownFileType = text.xcconfig; name = "Pods-TestSwiftPod.debug.xcconfig"; path = "Pods/Target Support Files/Pods-TestSwiftPod/Pods-TestSwiftPod.debug.xcconfig"; sourceTree = "<group>"; };
/* End PBXFileReference section */

/* Begin PBXFrameworksBuildPhase section */
		58CB8C202160AC8000344888 /* Frameworks */ = {
			isa = PBXFrameworksBuildPhase;
			buildActionMask = 2147483647;
			files = (
				9D0DD232614BAF32DEE711BC /* Pods_TestSwiftPod.framework in Frameworks */,
			);
			runOnlyForDeploymentPostprocessing = 0;
		};
/* End PBXFrameworksBuildPhase section */

/* Begin PBXGroup section */
		34F98FEA19DC0BEECB424579 /* Frameworks */ = {
			isa = PBXGroup;
			children = (
				8503BE39788899F0C58CB2E2 /* Pods_TestSwiftPod.framework */,
			);
			name = Frameworks;
			sourceTree = "<group>";
		};
		58CB8C1A2160AC8000344888 = {
			isa = PBXGroup;
			children = (
				58CB8C3B2160B0FF00344888 /* TestSwiftPod.podspec */,
				58CB8C252160AC8000344888 /* TestSwiftPod */,
				58CB8C242160AC8000344888 /* Products */,
				80E143CFC1860547367A72FD /* Pods */,
				34F98FEA19DC0BEECB424579 /* Frameworks */,
			);
			sourceTree = "<group>";
		};
		58CB8C242160AC8000344888 /* Products */ = {
			isa = PBXGroup;
			children = (
				58CB8C232160AC8000344888 /* TestSwiftPod.app */,
			);
			name = Products;
			sourceTree = "<group>";
		};
		58CB8C252160AC8000344888 /* TestSwiftPod */ = {
			isa = PBXGroup;
			children = (
				58CB8C382160ACB800344888 /* Classes */,
				58CB8C262160AC8000344888 /* AppDelegate.swift */,
				58CB8C282160AC8000344888 /* ViewController.swift */,
				58CB8C2A2160AC8000344888 /* Main.storyboard */,
				58CB8C2D2160AC9100344888 /* Assets.xcassets */,
				58CB8C2F2160AC9100344888 /* LaunchScreen.storyboard */,
				58CB8C322160AC9100344888 /* Info.plist */,
			);
			path = TestSwiftPod;
			sourceTree = "<group>";
		};
		58CB8C382160ACB800344888 /* Classes */ = {
			isa = PBXGroup;
			children = (
				58CB8C392160ACC800344888 /* TestView.swift */,
			);
			path = Classes;
			sourceTree = "<group>";
		};
		80E143CFC1860547367A72FD /* Pods */ = {
			isa = PBXGroup;
			children = (
				892BD68B2B758F9321F5179C /* Pods-TestSwiftPod.debug.xcconfig */,
				0175A474E148E3DE87FF362B /* Pods-TestSwiftPod.release.xcconfig */,
			);
			name = Pods;
			sourceTree = "<group>";
		};
/* End PBXGroup section */

/* Begin PBXNativeTarget section */
		58CB8C222160AC8000344888 /* TestSwiftPod */ = {
			isa = PBXNativeTarget;
			buildConfigurationList = 58CB8C352160AC9100344888 /* Build configuration list for PBXNativeTarget "TestSwiftPod" */;
			buildPhases = (
				C49FE2FB9688BF31587BBDF0 /* [CP] Check Pods Manifest.lock */,
				58CB8C1F2160AC8000344888 /* Sources */,
				58CB8C202160AC8000344888 /* Frameworks */,
				58CB8C212160AC8000344888 /* Resources */,
			);
			buildRules = (
			);
			dependencies = (
			);
			name = TestSwiftPod;
			productName = TestSwiftPod;
			productReference = 58CB8C232160AC8000344888 /* TestSwiftPod.app */;
			productType = "com.apple.product-type.application";
		};
/* End PBXNativeTarget section */

/* Begin PBXProject section */
		58CB8C1B2160AC8000344888 /* Project object */ = {
			isa = PBXProject;
			attributes = {
				LastSwiftUpdateCheck = 1000;
				LastUpgradeCheck = 1000;
				ORGANIZATIONNAME = "OS X10_12_6";
				TargetAttributes = {
					58CB8C222160AC8000344888 = {
						CreatedOnToolsVersion = 10.0;
					};
				};
			};
			buildConfigurationList = 58CB8C1E2160AC8000344888 /* Build configuration list for PBXProject "TestSwiftPod" */;
			compatibilityVersion = "Xcode 9.3";
			developmentRegion = en;
			hasScannedForEncodings = 0;
			knownRegions = (
				en,
				Base,
			);
			mainGroup = 58CB8C1A2160AC8000344888;
			productRefGroup = 58CB8C242160AC8000344888 /* Products */;
			projectDirPath = "";
			projectRoot = "";
			targets = (
				58CB8C222160AC8000344888 /* TestSwiftPod */,
			);
		};
/* End PBXProject section */

/* Begin PBXResourcesBuildPhase section */
		58CB8C212160AC8000344888 /* Resources */ = {
			isa = PBXResourcesBuildPhase;
			buildActionMask = 2147483647;
			files = (
				58CB8C3C2160B0FF00344888 /* TestSwiftPod.podspec in Resources */,
				58CB8C312160AC9100344888 /* LaunchScreen.storyboard in Resources */,
				58CB8C2E2160AC9100344888 /* Assets.xcassets in Resources */,
				58CB8C2C2160AC8000344888 /* Main.storyboard in Resources */,
			);
			runOnlyForDeploymentPostprocessing = 0;
		};
/* End PBXResourcesBuildPhase section */

/* Begin PBXShellScriptBuildPhase section */
		C49FE2FB9688BF31587BBDF0 /* [CP] Check Pods Manifest.lock */ = {
			isa = PBXShellScriptBuildPhase;
			buildActionMask = 2147483647;
			files = (
			);
			inputPaths = (
				"${PODS_PODFILE_DIR_PATH}/Podfile.lock",
				"${PODS_ROOT}/Manifest.lock",
			);
			name = "[CP] Check Pods Manifest.lock";
			outputPaths = (
				"$(DERIVED_FILE_DIR)/Pods-TestSwiftPod-checkManifestLockResult.txt",
			);
			runOnlyForDeploymentPostprocessing = 0;
			shellPath = /bin/sh;
			shellScript = "diff \"${PODS_PODFILE_DIR_PATH}/Podfile.lock\" \"${PODS_ROOT}/Manifest.lock\" > /dev/null\nif [ $? != 0 ] ; then\n    # print error to STDERR\n    echo \"error: The sandbox is not in sync with the Podfile.lock. Run 'pod install' or update your CocoaPods installation.\" >&2\n    exit 1\nfi\n# This output is used by Xcode 'outputs' to avoid re-running this script phase.\necho \"SUCCESS\" > \"${SCRIPT_OUTPUT_FILE_0}\"\n";
			showEnvVarsInLog = 0;
		};
/* End PBXShellScriptBuildPhase section */

/* Begin PBXSourcesBuildPhase section */
		58CB8C1F2160AC8000344888 /* Sources */ = {
			isa = PBXSourcesBuildPhase;
			buildActionMask = 2147483647;
			files = (
				58CB8C3A2160ACC800344888 /* TestView.swift in Sources */,
				58CB8C292160AC8000344888 /* ViewController.swift in Sources */,
				58CB8C272160AC8000344888 /* AppDelegate.swift in Sources */,
			);
			runOnlyForDeploymentPostprocessing = 0;
		};
/* End PBXSourcesBuildPhase section */

/* Begin PBXVariantGroup section */
		58CB8C2A2160AC8000344888 /* Main.storyboard */ = {
			isa = PBXVariantGroup;
			children = (
				58CB8C2B2160AC8000344888 /* Base */,
			);
			name = Main.storyboard;
			sourceTree = "<group>";
		};
		58CB8C2F2160AC9100344888 /* LaunchScreen.storyboard */ = {
			isa = PBXVariantGroup;
			children = (
				58CB8C302160AC9100344888 /* Base */,
			);
			name = LaunchScreen.storyboard;
			sourceTree = "<group>";
		};
/* End PBXVariantGroup section */

/* Begin XCBuildConfiguration section */
		58CB8C332160AC9100344888 /* Debug */ = {
			isa = XCBuildConfiguration;
			buildSettings = {
				ALWAYS_SEARCH_USER_PATHS = NO;
				CLANG_ANALYZER_NONNULL = YES;
				CLANG_ANALYZER_NUMBER_OBJECT_CONVERSION = YES_AGGRESSIVE;
				CLANG_CXX_LANGUAGE_STANDARD = "gnu++14";
				CLANG_CXX_LIBRARY = "libc++";
				CLANG_ENABLE_MODULES = YES;
				CLANG_ENABLE_OBJC_ARC = YES;
				CLANG_ENABLE_OBJC_WEAK = YES;
				CLANG_WARN_BLOCK_CAPTURE_AUTORELEASING = YES;
				CLANG_WARN_BOOL_CONVERSION = YES;
				CLANG_WARN_COMMA = YES;
				CLANG_WARN_CONSTANT_CONVERSION = YES;
				CLANG_WARN_DEPRECATED_OBJC_IMPLEMENTATIONS = YES;
				CLANG_WARN_DIRECT_OBJC_ISA_USAGE = YES_ERROR;
				CLANG_WARN_DOCUMENTATION_COMMENTS = YES;
				CLANG_WARN_EMPTY_BODY = YES;
				CLANG_WARN_ENUM_CONVERSION = YES;
				CLANG_WARN_INFINITE_RECURSION = YES;
				CLANG_WARN_INT_CONVERSION = YES;
				CLANG_WARN_NON_LITERAL_NULL_CONVERSION = YES;
				CLANG_WARN_OBJC_IMPLICIT_RETAIN_SELF = YES;
				CLANG_WARN_OBJC_LITERAL_CONVERSION = YES;
				CLANG_WARN_OBJC_ROOT_CLASS = YES_ERROR;
				CLANG_WARN_RANGE_LOOP_ANALYSIS = YES;
				CLANG_WARN_STRICT_PROTOTYPES = YES;
				CLANG_WARN_SUSPICIOUS_MOVE = YES;
				CLANG_WARN_UNGUARDED_AVAILABILITY = YES_AGGRESSIVE;
				CLANG_WARN_UNREACHABLE_CODE = YES;
				CLANG_WARN__DUPLICATE_METHOD_MATCH = YES;
				CODE_SIGN_IDENTITY = "iPhone Developer";
				COPY_PHASE_STRIP = NO;
				DEBUG_INFORMATION_FORMAT = dwarf;
				ENABLE_STRICT_OBJC_MSGSEND = YES;
				ENABLE_TESTABILITY = YES;
				GCC_C_LANGUAGE_STANDARD = gnu11;
				GCC_DYNAMIC_NO_PIC = NO;
				GCC_NO_COMMON_BLOCKS = YES;
				GCC_OPTIMIZATION_LEVEL = 0;
				GCC_PREPROCESSOR_DEFINITIONS = (
					"DEBUG=1",
					"$(inherited)",
				);
				GCC_WARN_64_TO_32_BIT_CONVERSION = YES;
				GCC_WARN_ABOUT_RETURN_TYPE = YES_ERROR;
				GCC_WARN_UNDECLARED_SELECTOR = YES;
				GCC_WARN_UNINITIALIZED_AUTOS = YES_AGGRESSIVE;
				GCC_WARN_UNUSED_FUNCTION = YES;
				GCC_WARN_UNUSED_VARIABLE = YES;
				IPHONEOS_DEPLOYMENT_TARGET = 12.0;
				MTL_ENABLE_DEBUG_INFO = INCLUDE_SOURCE;
				MTL_FAST_MATH = YES;
				ONLY_ACTIVE_ARCH = YES;
				SDKROOT = iphoneos;
				SWIFT_ACTIVE_COMPILATION_CONDITIONS = DEBUG;
				SWIFT_OPTIMIZATION_LEVEL = "-Onone";
			};
			name = Debug;
		};
		58CB8C342160AC9100344888 /* Release */ = {
			isa = XCBuildConfiguration;
			buildSettings = {
				ALWAYS_SEARCH_USER_PATHS = NO;
				CLANG_ANALYZER_NONNULL = YES;
				CLANG_ANALYZER_NUMBER_OBJECT_CONVERSION = YES_AGGRESSIVE;
				CLANG_CXX_LANGUAGE_STANDARD = "gnu++14";
				CLANG_CXX_LIBRARY = "libc++";
				CLANG_ENABLE_MODULES = YES;
				CLANG_ENABLE_OBJC_ARC = YES;
				CLANG_ENABLE_OBJC_WEAK = YES;
				CLANG_WARN_BLOCK_CAPTURE_AUTORELEASING = YES;
				CLANG_WARN_BOOL_CONVERSION = YES;
				CLANG_WARN_COMMA = YES;
				CLANG_WARN_CONSTANT_CONVERSION = YES;
				CLANG_WARN_DEPRECATED_OBJC_IMPLEMENTATIONS = YES;
				CLANG_WARN_DIRECT_OBJC_ISA_USAGE = YES_ERROR;
				CLANG_WARN_DOCUMENTATION_COMMENTS = YES;
				CLANG_WARN_EMPTY_BODY = YES;
				CLANG_WARN_ENUM_CONVERSION = YES;
				CLANG_WARN_INFINITE_RECURSION = YES;
				CLANG_WARN_INT_CONVERSION = YES;
				CLANG_WARN_NON_LITERAL_NULL_CONVERSION = YES;
				CLANG_WARN_OBJC_IMPLICIT_RETAIN_SELF = YES;
				CLANG_WARN_OBJC_LITERAL_CONVERSION = YES;
				CLANG_WARN_OBJC_ROOT_CLASS = YES_ERROR;
				CLANG_WARN_RANGE_LOOP_ANALYSIS = YES;
				CLANG_WARN_STRICT_PROTOTYPES = YES;
				CLANG_WARN_SUSPICIOUS_MOVE = YES;
				CLANG_WARN_UNGUARDED_AVAILABILITY = YES_AGGRESSIVE;
				CLANG_WARN_UNREACHABLE_CODE = YES;
				CLANG_WARN__DUPLICATE_METHOD_MATCH = YES;
				CODE_SIGN_IDENTITY = "iPhone Developer";
				COPY_PHASE_STRIP = NO;
				DEBUG_INFORMATION_FORMAT = "dwarf-with-dsym";
				ENABLE_NS_ASSERTIONS = NO;
				ENABLE_STRICT_OBJC_MSGSEND = YES;
				GCC_C_LANGUAGE_STANDARD = gnu11;
				GCC_NO_COMMON_BLOCKS = YES;
				GCC_WARN_64_TO_32_BIT_CONVERSION = YES;
				GCC_WARN_ABOUT_RETURN_TYPE = YES_ERROR;
				GCC_WARN_UNDECLARED_SELECTOR = YES;
				GCC_WARN_UNINITIALIZED_AUTOS = YES_AGGRESSIVE;
				GCC_WARN_UNUSED_FUNCTION = YES;
				GCC_WARN_UNUSED_VARIABLE = YES;
				IPHONEOS_DEPLOYMENT_TARGET = 12.0;
				MTL_ENABLE_DEBUG_INFO = NO;
				MTL_FAST_MATH = YES;
				SDKROOT = iphoneos;
				SWIFT_COMPILATION_MODE = wholemodule;
				SWIFT_OPTIMIZATION_LEVEL = "-O";
				VALIDATE_PRODUCT = YES;
			};
			name = Release;
		};
		58CB8C362160AC9100344888 /* Debug */ = {
			isa = XCBuildConfiguration;
			baseConfigurationReference = 892BD68B2B758F9321F5179C /* Pods-TestSwiftPod.debug.xcconfig */;
			buildSettings = {
				ASSETCATALOG_COMPILER_APPICON_NAME = AppIcon;
				CODE_SIGN_STYLE = Manual;
				DEVELOPMENT_TEAM = 9JNQE56983;
				INFOPLIST_FILE = TestSwiftPod/Info.plist;
				IPHONEOS_DEPLOYMENT_TARGET = 9.0;
				LD_RUNPATH_SEARCH_PATHS = (
					"$(inherited)",
					"@executable_path/Frameworks",
				);
				PRODUCT_BUNDLE_IDENTIFIER = com.leaf.TestSwiftPod;
				PRODUCT_NAME = "$(TARGET_NAME)";
				PROVISIONING_PROFILE_SPECIFIER = TestAll;
				SWIFT_VERSION = 4.2;
				TARGETED_DEVICE_FAMILY = "1,2";
			};
			name = Debug;
		};
		58CB8C372160AC9100344888 /* Release */ = {
			isa = XCBuildConfiguration;
			baseConfigurationReference = 0175A474E148E3DE87FF362B /* Pods-TestSwiftPod.release.xcconfig */;
			buildSettings = {
				ASSETCATALOG_COMPILER_APPICON_NAME = AppIcon;
				CODE_SIGN_STYLE = Manual;
				DEVELOPMENT_TEAM = 9JNQE56983;
				INFOPLIST_FILE = TestSwiftPod/Info.plist;
				IPHONEOS_DEPLOYMENT_TARGET = 9.0;
				LD_RUNPATH_SEARCH_PATHS = (
					"$(inherited)",
					"@executable_path/Frameworks",
				);
				PRODUCT_BUNDLE_IDENTIFIER = com.leaf.TestSwiftPod;
				PRODUCT_NAME = "$(TARGET_NAME)";
				PROVISIONING_PROFILE_SPECIFIER = TestAll;
				SWIFT_VERSION = 4.2;
				TARGETED_DEVICE_FAMILY = "1,2";
			};
			name = Release;
		};
/* End XCBuildConfiguration section */

/* Begin XCConfigurationList section */
		58CB8C1E2160AC8000344888 /* Build configuration list for PBXProject "TestSwiftPod" */ = {
			isa = XCConfigurationList;
			buildConfigurations = (
				58CB8C332160AC9100344888 /* Debug */,
				58CB8C342160AC9100344888 /* Release */,
			);
			defaultConfigurationIsVisible = 0;
			defaultConfigurationName = Release;
		};
		58CB8C352160AC9100344888 /* Build configuration list for PBXNativeTarget "TestSwiftPod" */ = {
			isa = XCConfigurationList;
			buildConfigurations = (
				58CB8C362160AC9100344888 /* Debug */,
				58CB8C372160AC9100344888 /* Release */,
			);
			defaultConfigurationIsVisible = 0;
			defaultConfigurationName = Release;
		};
/* End XCConfigurationList section */
	};
	rootObject = 58CB8C1B2160AC8000344888 /* Project object */;
}
